
Microsoft Visual Studio Solution File, Format Version 12.00
# Visual Studio Version 16
VisualStudioVersion = 16.0.30621.155
MinimumVisualStudioVersion = 10.0.40219.1
Project("{FAE04EC0-301F-11D3-BF4B-00C04F79EFBC}") = "WindowsFormsApp2", "WindowsFormsApp2\WindowsFormsApp2.csproj", "{43F2F174-8B01-470C-85C6-3125E6D5293C}"
EndProject
Global
	GlobalSection(SolutionConfigurationPlatforms) = preSolution
		Debug|Any CPU = Debug|Any CPU
		Release|Any CPU = Release|Any CPU
	EndGlobalSection
	GlobalSection(ProjectConfigurationPlatforms) = postSolution
		{43F2F174-8B01-470C-85C6-3125E6D5293C}.Debug|Any CPU.ActiveCfg = Debug|Any CPU
		{43F2F174-8B01-470C-85C6-3125E6D5293C}.Debug|Any CPU.Build.0 = Debug|Any CPU
		{43F2F174-8B01-470C-85C6-3125E6D5293C}.Release|Any CPU.ActiveCfg = Release|Any CPU
		{43F2F174-8B01-470C-85C6-3125E6D5293C}.Release|Any CPU.Build.0 = Release|Any CPU
	EndGlobalSection
	GlobalSection(SolutionProperties) = preSolution
		HideSolutionNode = FALSE
	EndGlobalSection
	GlobalSection(ExtensibilityGlobals) = postSolution
		SolutionGuid = {5C763CFF-BDA8-44E1-B41D-85C9FC8BBC9B}
	EndGlobalSection
EndGlobal
